PATH
  remote: ../inat-get
  specs:
    inat-get (0.9.0.12)
      faraday (~> 2.14)
      faraday-http-cache (~> 2.6)
      faraday-retry (~> 2.3)
      faraday-typhoeus (~> 1.1)
      is-deep (~> 0.8)
      is-dsl (~> 0.8)
      is-duration (~> 0.8.4)
      is-enum (~> 0.8.10)
      is-range (~> 0.8.2)
      is-term (~> 0.8.4.10)
      sequel (~> 5.101)

GEM
  remote: https://rubygems.org/
  specs:
    bigdecimal (4.0.1)
    ethon (0.18.0)
      ffi (>= 1.15.0)
      logger
    faraday (2.14.1)
      faraday-net_http (>= 2.0, < 3.5)
      json
      logger
    faraday-http-cache (2.6.1)
      faraday (>= 0.8)
    faraday-net_http (3.4.2)
      net-http (~> 0.5)
    faraday-retry (2.4.0)
      faraday (~> 2.0)
    faraday-typhoeus (1.1.0)
      faraday (~> 2.0)
      typhoeus (~> 1.4)
    ffi (1.17.3-aarch64-linux-gnu)
    ffi (1.17.3-aarch64-linux-musl)
    ffi (1.17.3-arm-linux-gnu)
    ffi (1.17.3-arm-linux-musl)
    ffi (1.17.3-arm64-darwin)
    ffi (1.17.3-x86-linux-gnu)
    ffi (1.17.3-x86-linux-musl)
    ffi (1.17.3-x86_64-darwin)
    ffi (1.17.3-x86_64-linux-gnu)
    ffi (1.17.3-x86_64-linux-musl)
    is-boolean (0.8.0)
    is-deep (0.8.0)
    is-dsl (0.8.0)
    is-duration (0.8.4)
      is-enum (~> 0.8.8)
    is-enum (0.8.10)
    is-range (0.8.2)
    is-term (0.8.4.10)
      is-boolean (~> 0.8)
      is-duration (~> 0.8.4)
      tty-screen (~> 0.8)
    json (2.19.1)
    logger (1.7.0)
    net-http (0.9.1)
      uri (>= 0.11.1)
    sequel (5.102.0)
      bigdecimal
    sqlite3 (2.9.1-aarch64-linux-gnu)
    sqlite3 (2.9.1-aarch64-linux-musl)
    sqlite3 (2.9.1-arm-linux-gnu)
    sqlite3 (2.9.1-arm-linux-musl)
    sqlite3 (2.9.1-arm64-darwin)
    sqlite3 (2.9.1-x86-linux-gnu)
    sqlite3 (2.9.1-x86-linux-musl)
    sqlite3 (2.9.1-x86_64-darwin)
    sqlite3 (2.9.1-x86_64-linux-gnu)
    sqlite3 (2.9.1-x86_64-linux-musl)
    tty-screen (0.8.2)
    typhoeus (1.6.0)
      ethon (>= 0.18.0)
    uri (1.1.1)

PLATFORMS
  aarch64-linux-gnu
  aarch64-linux-musl
  arm-linux-gnu
  arm-linux-musl
  arm64-darwin
  x86-linux-gnu
  x86-linux-musl
  x86_64-darwin
  x86_64-linux
  x86_64-linux-gnu
  x86_64-linux-musl

DEPENDENCIES
  inat-get!
  sqlite3

CHECKSUMS
  bigdecimal (4.0.1) sha256=8b07d3d065a9f921c80ceaea7c9d4ae596697295b584c296fe599dd0ad01c4a7
  ethon (0.18.0) sha256=b598afc9f30448cb068b850714b7d6948e941476095d04f90a4ac65b8d6efcb2
  faraday (2.14.1) sha256=a43cceedc1e39d188f4d2cdd360a8aaa6a11da0c407052e426ba8d3fb42ef61c
  faraday-http-cache (2.6.1) sha256=7772ae61c5fe1c0243452dec1f069b15bcc3304e9436e4f8545ccdb5963c4285
  faraday-net_http (3.4.2) sha256=f147758260d3526939bf57ecf911682f94926a3666502e24c69992765875906c
  faraday-retry (2.4.0) sha256=7b79c48fb7e56526faf247b12d94a680071ff40c9fda7cf1ec1549439ad11ebe
  faraday-typhoeus (1.1.0) sha256=24c6147c213818dde3ebc50ae47ab92f9a7e554903aa362707126f749c6890e7
  ffi (1.17.3-aarch64-linux-gnu) sha256=28ad573df26560f0aedd8a90c3371279a0b2bd0b4e834b16a2baa10bd7a97068
  ffi (1.17.3-aarch64-linux-musl) sha256=020b33b76775b1abacc3b7d86b287cef3251f66d747092deec592c7f5df764b2
  ffi (1.17.3-arm-linux-gnu) sha256=5bd4cea83b68b5ec0037f99c57d5ce2dd5aa438f35decc5ef68a7d085c785668
  ffi (1.17.3-arm-linux-musl) sha256=0d7626bb96265f9af78afa33e267d71cfef9d9a8eb8f5525344f8da6c7d76053
  ffi (1.17.3-arm64-darwin) sha256=0c690555d4cee17a7f07c04d59df39b2fba74ec440b19da1f685c6579bb0717f
  ffi (1.17.3-x86-linux-gnu) sha256=868a88fcaf5186c3a46b7c7c2b2c34550e1e61a405670ab23f5b6c9971529089
  ffi (1.17.3-x86-linux-musl) sha256=f0286aa6ef40605cf586e61406c446de34397b85dbb08cc99fdaddaef8343945
  ffi (1.17.3-x86_64-darwin) sha256=1f211811eb5cfaa25998322cdd92ab104bfbd26d1c4c08471599c511f2c00bb5
  ffi (1.17.3-x86_64-linux-gnu) sha256=3746b01f677aae7b16dc1acb7cb3cc17b3e35bdae7676a3f568153fb0e2c887f
  ffi (1.17.3-x86_64-linux-musl) sha256=086b221c3a68320b7564066f46fed23449a44f7a1935f1fe5a245bd89d9aea56
  inat-get (0.9.0.12)
  is-boolean (0.8.0) sha256=a470c0407307fc3e71e785ac3847d500abd157e8874e94747a713050572afdb3
  is-deep (0.8.0) sha256=49b4bef09b6520fedf4620c50878b1f04d8fb78a51352fac0591d6d605f7fe04
  is-dsl (0.8.0) sha256=fc66508e85da3c9f4cdcdc31e9bb078f2aef791dfe432db1db931c69c97020e6
  is-duration (0.8.4) sha256=56123755b5871d6f6ff351fadb5f30d62bcf7307c0fad1342e534df7141daa50
  is-enum (0.8.10) sha256=7f962fce7ac34409fd211a7c53b6ebb4a666337a6137f97226f22189969c45e2
  is-range (0.8.2) sha256=81a761cd6ac30a61352b267644178691a517ba1b02ef402ca319dcf86e45d43a
  is-term (0.8.4.10) sha256=953f4b45c8cec8cf0e1ab0508142aa620480bee681bf0d58b2cf1125a453ff14
  json (2.19.1) sha256=dd94fdc59e48bff85913829a32350b3148156bc4fd2a95a2568a78b11344082d
  logger (1.7.0) sha256=196edec7cc44b66cfb40f9755ce11b392f21f7967696af15d274dde7edff0203
  net-http (0.9.1) sha256=25ba0b67c63e89df626ed8fac771d0ad24ad151a858af2cc8e6a716ca4336996
  sequel (5.102.0) sha256=c25bb85a44ae59b3ed41ca7c32c33316cf81a6fcaeabedb4036ba141dde70919
  sqlite3 (2.9.1-aarch64-linux-gnu) sha256=85535ddf1c37f116ebebe0330bbbffc2ccb55d09f69717a565f8cfb35142f136
  sqlite3 (2.9.1-aarch64-linux-musl) sha256=646a28a655fc0298ff4266de0af89b66477a2d9ad65cebb5abad190bb64ed092
  sqlite3 (2.9.1-arm-linux-gnu) sha256=ed25696b0fb4694ca4f47287eaaa9e0d46a0a0c92990c453743d6ab6b4f51fa0
  sqlite3 (2.9.1-arm-linux-musl) sha256=82ca90eefe50935c827ab0c8dffff5219f57b5da0c92039e3e27f7dbccc9e992
  sqlite3 (2.9.1-arm64-darwin) sha256=e0cc5521aa03361e2da56635f3745242510b0b98c4608a3824b7e31ab2e7ffb9
  sqlite3 (2.9.1-x86-linux-gnu) sha256=c3517e6f0df1f3a99fb73c5b0e6f02fc93b3b6b2ca0de72cb6d3956153310603
  sqlite3 (2.9.1-x86-linux-musl) sha256=2216ab52dbff54bbc5ea87789e02c60f1c749f7ce052cef36da542ecc9aadc25
  sqlite3 (2.9.1-x86_64-darwin) sha256=5ce2c05eed8dc7c6debd560e2c5960e36521652b9a43bc3e42bc431db600c36f
  sqlite3 (2.9.1-x86_64-linux-gnu) sha256=1cbb644204ed143e5c96f6d59b5c571ba6f18b18a9dc5aa11c101187ff227afd
  sqlite3 (2.9.1-x86_64-linux-musl) sha256=bbd50dd1caca78b6c069701d9009ef714461495985d4c374ea1a1def061ba67c
  tty-screen (0.8.2) sha256=c090652115beae764336c28802d633f204fb84da93c6a968aa5d8e319e819b50
  typhoeus (1.6.0) sha256=bacc41c23e379547e29801dc235cd1699b70b955a1ba3d32b2b877aa844c331d
  uri (1.1.1) sha256=379fa58d27ffb1387eaada68c749d1426738bd0f654d812fcc07e7568f5c57c6

BUNDLED WITH
  4.0.7
